{
  "name": "example-bot",
  "version": "1.0.0",
  "lockfileVersion": 2,
  "requires": true,
  "packages": {
    "": {
      "name": "example-bot",
      "version": "1.0.0",
      "license": "ISC",
      "dependencies": {
        "lugo4node": "file:../../",
        "typescript": "^4.7.4"
      }
    },
    "..": {
      "extraneous": true,
      "dependencies": {
        "@grpc/grpc-js": "^1.6.7",
        "google-protobuf": "^3.20.1",
        "grpc": "^1.24.11",
        "process": "^0.11.10"
      }
    },
    "../..": {
      "name": "@lugobots/lugo4node",
      "version": "0.0.1-beta.2",
      "license": "ISC",
      "dependencies": {
        "@grpc/grpc-js": "^1.6.7",
        "google-protobuf": "^3.20.1",
        "grpc": "^1.24.11",
        "process": "^0.11.10"
      },
      "devDependencies": {
        "@grpc/proto-loader": "^0.6.12",
        "mocha": "^10.0.0"
      }
    },
    "node_modules/lugo4node": {
      "resolved": "../..",
      "link": true
    },
    "node_modules/typescript": {
      "version": "4.7.4",
      "resolved": "https://registry.npmjs.org/typescript/-/typescript-4.7.4.tgz",
      "integrity": "sha512-C0WQT0gezHuw6AdY1M2jxUO83Rjf0HP7Sk1DtXj6j1EwkQNZrHAg2XPWlq62oqEhYvONq5pkC2Y9oPljWToLmQ==",
      "bin": {
        "tsc": "bin/tsc",
        "tsserver": "bin/tsserver"
      },
      "engines": {
        "node": ">=4.2.0"
      }
    }
  },
  "dependencies": {
    "lugo4node": {
      "version": "file:../..",
      "requires": {
        "@grpc/grpc-js": "^1.6.7",
        "@grpc/proto-loader": "^0.6.12",
        "google-protobuf": "^3.20.1",
        "grpc": "^1.24.11",
        "mocha": "^10.0.0",
        "process": "^0.11.10"
      }
    },
    "typescript": {
      "version": "4.7.4",
      "resolved": "https://registry.npmjs.org/typescript/-/typescript-4.7.4.tgz",
      "integrity": "sha512-C0WQT0gezHuw6AdY1M2jxUO83Rjf0HP7Sk1DtXj6j1EwkQNZrHAg2XPWlq62oqEhYvONq5pkC2Y9oPljWToLmQ=="
    }
  }
}
