{
  "name": "example-bot",
  "version": "1.0.0",
  "lockfileVersion": 1,
  "requires": true,
  "dependencies": {
    "lugo4node": {
      "version": "file:..",
      "requires": {
        "@grpc/grpc-js": "^1.6.7",
        "google-protobuf": "^3.20.1",
        "grpc": "^1.24.11",
        "process": "^0.11.10"
      },
      "dependencies": {
        "@grpc/grpc-js": {
          "version": "1.6.7",
          "requires": {
            "@grpc/proto-loader": "^0.6.4",
            "@types/node": ">=12.12.47"
          }
        },
        "@grpc/proto-loader": {
          "version": "0.6.12",
          "requires": {
            "@types/long": "^4.0.1",
            "lodash.camelcase": "^4.3.0",
            "long": "^4.0.0",
            "protobufjs": "^6.10.0",
            "yargs": "^16.2.0"
          }
        },
        "@mapbox/node-pre-gyp": {
          "version": "1.0.9",
          "requires": {
            "detect-libc": "^2.0.0",
            "https-proxy-agent": "^5.0.0",
            "make-dir": "^3.1.0",
            "node-fetch": "^2.6.7",
            "nopt": "^5.0.0",
            "npmlog": "^5.0.1",
            "rimraf": "^3.0.2",
            "semver": "^7.3.5",
            "tar": "^6.1.11"
          }
        },
        "@protobufjs/aspromise": {
          "version": "1.1.2"
        },
        "@protobufjs/base64": {
          "version": "1.1.2"
        },
        "@protobufjs/codegen": {
          "version": "2.0.4"
        },
        "@protobufjs/eventemitter": {
          "version": "1.1.0"
        },
        "@protobufjs/fetch": {
          "version": "1.1.0",
          "requires": {
            "@protobufjs/aspromise": "^1.1.1",
            "@protobufjs/inquire": "^1.1.0"
          }
        },
        "@protobufjs/float": {
          "version": "1.0.2"
        },
        "@protobufjs/inquire": {
          "version": "1.1.0"
        },
        "@protobufjs/path": {
          "version": "1.1.2"
        },
        "@protobufjs/pool": {
          "version": "1.1.0"
        },
        "@protobufjs/utf8": {
          "version": "1.1.0"
        },
        "@types/bytebuffer": {
          "version": "5.0.43",
          "requires": {
            "@types/long": "*",
            "@types/node": "*"
          }
        },
        "@types/long": {
          "version": "4.0.2"
        },
        "@types/node": {
          "version": "17.0.33"
        },
        "@ungap/promise-all-settled": {
          "version": "1.1.2"
        },
        "abbrev": {
          "version": "1.1.1"
        },
        "agent-base": {
          "version": "6.0.2",
          "requires": {
            "debug": "4"
          }
        },
        "ansi-colors": {
          "version": "4.1.1"
        },
        "ansi-regex": {
          "version": "5.0.1"
        },
        "ansi-styles": {
          "version": "4.3.0",
          "requires": {
            "color-convert": "^2.0.1"
          }
        },
        "anymatch": {
          "version": "3.1.2",
          "requires": {
            "normalize-path": "^3.0.0",
            "picomatch": "^2.0.4"
          }
        },
        "aproba": {
          "version": "2.0.0"
        },
        "are-we-there-yet": {
          "version": "2.0.0",
          "requires": {
            "delegates": "^1.0.0",
            "readable-stream": "^3.6.0"
          }
        },
        "argparse": {
          "version": "2.0.1"
        },
        "ascli": {
          "version": "1.0.1",
          "requires": {
            "colour": "~0.7.1",
            "optjs": "~3.2.2"
          }
        },
        "balanced-match": {
          "version": "1.0.2"
        },
        "binary-extensions": {
          "version": "2.2.0"
        },
        "brace-expansion": {
          "version": "1.1.11",
          "requires": {
            "balanced-match": "^1.0.0",
            "concat-map": "0.0.1"
          }
        },
        "braces": {
          "version": "3.0.2",
          "requires": {
            "fill-range": "^7.0.1"
          }
        },
        "browser-stdout": {
          "version": "1.3.1"
        },
        "bytebuffer": {
          "version": "5.0.1",
          "requires": {
            "long": "~3"
          },
          "dependencies": {
            "long": {
              "version": "3.2.0"
            }
          }
        },
        "camelcase": {
          "version": "2.1.1"
        },
        "chalk": {
          "version": "4.1.2",
          "requires": {
            "ansi-styles": "^4.1.0",
            "supports-color": "^7.1.0"
          },
          "dependencies": {
            "supports-color": {
              "version": "7.2.0",
              "requires": {
                "has-flag": "^4.0.0"
              }
            }
          }
        },
        "chokidar": {
          "version": "3.5.3",
          "requires": {
            "anymatch": "~3.1.2",
            "braces": "~3.0.2",
            "glob-parent": "~5.1.2",
            "is-binary-path": "~2.1.0",
            "is-glob": "~4.0.1",
            "normalize-path": "~3.0.0",
            "readdirp": "~3.6.0"
          }
        },
        "chownr": {
          "version": "2.0.0"
        },
        "cliui": {
          "version": "7.0.4",
          "requires": {
            "string-width": "^4.2.0",
            "strip-ansi": "^6.0.0",
            "wrap-ansi": "^7.0.0"
          }
        },
        "code-point-at": {
          "version": "1.1.0"
        },
        "color-convert": {
          "version": "2.0.1",
          "requires": {
            "color-name": "~1.1.4"
          }
        },
        "color-name": {
          "version": "1.1.4"
        },
        "color-support": {
          "version": "1.1.3"
        },
        "colour": {
          "version": "0.7.1"
        },
        "concat-map": {
          "version": "0.0.1"
        },
        "console-control-strings": {
          "version": "1.1.0"
        },
        "debug": {
          "version": "4.3.4",
          "requires": {
            "ms": "2.1.2"
          }
        },
        "decamelize": {
          "version": "1.2.0"
        },
        "delegates": {
          "version": "1.0.0"
        },
        "detect-libc": {
          "version": "2.0.1"
        },
        "diff": {
          "version": "5.0.0"
        },
        "emoji-regex": {
          "version": "8.0.0"
        },
        "escalade": {
          "version": "3.1.1"
        },
        "escape-string-regexp": {
          "version": "4.0.0"
        },
        "fill-range": {
          "version": "7.0.1",
          "requires": {
            "to-regex-range": "^5.0.1"
          }
        },
        "find-up": {
          "version": "5.0.0",
          "requires": {
            "locate-path": "^6.0.0",
            "path-exists": "^4.0.0"
          }
        },
        "flat": {
          "version": "5.0.2"
        },
        "fs-minipass": {
          "version": "2.1.0",
          "requires": {
            "minipass": "^3.0.0"
          }
        },
        "fs.realpath": {
          "version": "1.0.0"
        },
        "gauge": {
          "version": "3.0.2",
          "requires": {
            "aproba": "^1.0.3 || ^2.0.0",
            "color-support": "^1.1.2",
            "console-control-strings": "^1.0.0",
            "has-unicode": "^2.0.1",
            "object-assign": "^4.1.1",
            "signal-exit": "^3.0.0",
            "string-width": "^4.2.3",
            "strip-ansi": "^6.0.1",
            "wide-align": "^1.1.2"
          }
        },
        "get-caller-file": {
          "version": "2.0.5"
        },
        "glob": {
          "version": "7.2.2",
          "requires": {
            "fs.realpath": "^1.0.0",
            "inflight": "^1.0.4",
            "inherits": "2",
            "minimatch": "^3.1.1",
            "once": "^1.3.0",
            "path-is-absolute": "^1.0.0"
          }
        },
        "glob-parent": {
          "version": "5.1.2",
          "requires": {
            "is-glob": "^4.0.1"
          }
        },
        "google-protobuf": {
          "version": "3.20.1"
        },
        "grpc": {
          "version": "1.24.11",
          "requires": {
            "@mapbox/node-pre-gyp": "^1.0.4",
            "@types/bytebuffer": "^5.0.40",
            "lodash.camelcase": "^4.3.0",
            "lodash.clone": "^4.5.0",
            "nan": "^2.13.2",
            "protobufjs": "^5.0.3"
          },
          "dependencies": {
            "ansi-regex": {
              "version": "2.1.1"
            },
            "cliui": {
              "version": "3.2.0",
              "requires": {
                "string-width": "^1.0.1",
                "strip-ansi": "^3.0.1",
                "wrap-ansi": "^2.0.0"
              }
            },
            "is-fullwidth-code-point": {
              "version": "1.0.0",
              "requires": {
                "number-is-nan": "^1.0.0"
              }
            },
            "protobufjs": {
              "version": "5.0.3",
              "requires": {
                "ascli": "~1",
                "bytebuffer": "~5",
                "glob": "^7.0.5",
                "yargs": "^3.10.0"
              }
            },
            "string-width": {
              "version": "1.0.2",
              "requires": {
                "code-point-at": "^1.0.0",
                "is-fullwidth-code-point": "^1.0.0",
                "strip-ansi": "^3.0.0"
              }
            },
            "strip-ansi": {
              "version": "3.0.1",
              "requires": {
                "ansi-regex": "^2.0.0"
              }
            },
            "wrap-ansi": {
              "version": "2.1.0",
              "requires": {
                "string-width": "^1.0.1",
                "strip-ansi": "^3.0.1"
              }
            },
            "y18n": {
              "version": "3.2.2"
            },
            "yargs": {
              "version": "3.32.0",
              "requires": {
                "camelcase": "^2.0.1",
                "cliui": "^3.0.3",
                "decamelize": "^1.1.1",
                "os-locale": "^1.4.0",
                "string-width": "^1.0.1",
                "window-size": "^0.1.4",
                "y18n": "^3.2.0"
              }
            }
          }
        },
        "has-flag": {
          "version": "4.0.0"
        },
        "has-unicode": {
          "version": "2.0.1"
        },
        "he": {
          "version": "1.2.0"
        },
        "https-proxy-agent": {
          "version": "5.0.1",
          "requires": {
            "agent-base": "6",
            "debug": "4"
          }
        },
        "inflight": {
          "version": "1.0.6",
          "requires": {
            "once": "^1.3.0",
            "wrappy": "1"
          }
        },
        "inherits": {
          "version": "2.0.4"
        },
        "invert-kv": {
          "version": "1.0.0"
        },
        "is-binary-path": {
          "version": "2.1.0",
          "requires": {
            "binary-extensions": "^2.0.0"
          }
        },
        "is-extglob": {
          "version": "2.1.1"
        },
        "is-fullwidth-code-point": {
          "version": "3.0.0"
        },
        "is-glob": {
          "version": "4.0.3",
          "requires": {
            "is-extglob": "^2.1.1"
          }
        },
        "is-number": {
          "version": "7.0.0"
        },
        "is-plain-obj": {
          "version": "2.1.0"
        },
        "is-unicode-supported": {
          "version": "0.1.0"
        },
        "js-yaml": {
          "version": "4.1.0",
          "requires": {
            "argparse": "^2.0.1"
          }
        },
        "lcid": {
          "version": "1.0.0",
          "requires": {
            "invert-kv": "^1.0.0"
          }
        },
        "locate-path": {
          "version": "6.0.0",
          "requires": {
            "p-locate": "^5.0.0"
          }
        },
        "lodash.camelcase": {
          "version": "4.3.0"
        },
        "lodash.clone": {
          "version": "4.5.0"
        },
        "log-symbols": {
          "version": "4.1.0",
          "requires": {
            "chalk": "^4.1.0",
            "is-unicode-supported": "^0.1.0"
          }
        },
        "long": {
          "version": "4.0.0"
        },
        "lru-cache": {
          "version": "6.0.0",
          "requires": {
            "yallist": "^4.0.0"
          }
        },
        "make-dir": {
          "version": "3.1.0",
          "requires": {
            "semver": "^6.0.0"
          },
          "dependencies": {
            "semver": {
              "version": "6.3.0"
            }
          }
        },
        "minimatch": {
          "version": "3.1.2",
          "requires": {
            "brace-expansion": "^1.1.7"
          }
        },
        "minipass": {
          "version": "3.1.6",
          "requires": {
            "yallist": "^4.0.0"
          }
        },
        "minizlib": {
          "version": "2.1.2",
          "requires": {
            "minipass": "^3.0.0",
            "yallist": "^4.0.0"
          }
        },
        "mkdirp": {
          "version": "1.0.4"
        },
        "mocha": {
          "version": "10.0.0",
          "requires": {
            "@ungap/promise-all-settled": "1.1.2",
            "ansi-colors": "4.1.1",
            "browser-stdout": "1.3.1",
            "chokidar": "3.5.3",
            "debug": "4.3.4",
            "diff": "5.0.0",
            "escape-string-regexp": "4.0.0",
            "find-up": "5.0.0",
            "glob": "7.2.0",
            "he": "1.2.0",
            "js-yaml": "4.1.0",
            "log-symbols": "4.1.0",
            "minimatch": "5.0.1",
            "ms": "2.1.3",
            "nanoid": "3.3.3",
            "serialize-javascript": "6.0.0",
            "strip-json-comments": "3.1.1",
            "supports-color": "8.1.1",
            "workerpool": "6.2.1",
            "yargs": "16.2.0",
            "yargs-parser": "20.2.4",
            "yargs-unparser": "2.0.0"
          },
          "dependencies": {
            "glob": {
              "version": "7.2.0",
              "requires": {
                "fs.realpath": "^1.0.0",
                "inflight": "^1.0.4",
                "inherits": "2",
                "minimatch": "^3.0.4",
                "once": "^1.3.0",
                "path-is-absolute": "^1.0.0"
              },
              "dependencies": {
                "minimatch": {
                  "version": "3.1.2",
                  "requires": {
                    "brace-expansion": "^1.1.7"
                  }
                }
              }
            },
            "minimatch": {
              "version": "5.0.1",
              "requires": {
                "brace-expansion": "^2.0.1"
              },
              "dependencies": {
                "brace-expansion": {
                  "version": "2.0.1",
                  "requires": {
                    "balanced-match": "^1.0.0"
                  }
                }
              }
            },
            "ms": {
              "version": "2.1.3"
            },
            "yargs-parser": {
              "version": "20.2.4"
            }
          }
        },
        "ms": {
          "version": "2.1.2"
        },
        "nan": {
          "version": "2.15.0"
        },
        "nanoid": {
          "version": "3.3.3"
        },
        "node-fetch": {
          "version": "2.6.7",
          "requires": {
            "whatwg-url": "^5.0.0"
          }
        },
        "nopt": {
          "version": "5.0.0",
          "requires": {
            "abbrev": "1"
          }
        },
        "normalize-path": {
          "version": "3.0.0"
        },
        "npmlog": {
          "version": "5.0.1",
          "requires": {
            "are-we-there-yet": "^2.0.0",
            "console-control-strings": "^1.1.0",
            "gauge": "^3.0.0",
            "set-blocking": "^2.0.0"
          }
        },
        "number-is-nan": {
          "version": "1.0.1"
        },
        "object-assign": {
          "version": "4.1.1"
        },
        "once": {
          "version": "1.4.0",
          "requires": {
            "wrappy": "1"
          }
        },
        "optjs": {
          "version": "3.2.2"
        },
        "os-locale": {
          "version": "1.4.0",
          "requires": {
            "lcid": "^1.0.0"
          }
        },
        "p-limit": {
          "version": "3.1.0",
          "requires": {
            "yocto-queue": "^0.1.0"
          }
        },
        "p-locate": {
          "version": "5.0.0",
          "requires": {
            "p-limit": "^3.0.2"
          }
        },
        "path-exists": {
          "version": "4.0.0"
        },
        "path-is-absolute": {
          "version": "1.0.1"
        },
        "picomatch": {
          "version": "2.3.1"
        },
        "process": {
          "version": "0.11.10"
        },
        "protobufjs": {
          "version": "6.11.2",
          "requires": {
            "@protobufjs/aspromise": "^1.1.2",
            "@protobufjs/base64": "^1.1.2",
            "@protobufjs/codegen": "^2.0.4",
            "@protobufjs/eventemitter": "^1.1.0",
            "@protobufjs/fetch": "^1.1.0",
            "@protobufjs/float": "^1.0.2",
            "@protobufjs/inquire": "^1.1.0",
            "@protobufjs/path": "^1.1.2",
            "@protobufjs/pool": "^1.1.0",
            "@protobufjs/utf8": "^1.1.0",
            "@types/long": "^4.0.1",
            "@types/node": ">=13.7.0",
            "long": "^4.0.0"
          }
        },
        "randombytes": {
          "version": "2.1.0",
          "requires": {
            "safe-buffer": "^5.1.0"
          }
        },
        "readable-stream": {
          "version": "3.6.0",
          "requires": {
            "inherits": "^2.0.3",
            "string_decoder": "^1.1.1",
            "util-deprecate": "^1.0.1"
          }
        },
        "readdirp": {
          "version": "3.6.0",
          "requires": {
            "picomatch": "^2.2.1"
          }
        },
        "require-directory": {
          "version": "2.1.1"
        },
        "rimraf": {
          "version": "3.0.2",
          "requires": {
            "glob": "^7.1.3"
          }
        },
        "safe-buffer": {
          "version": "5.2.1"
        },
        "semver": {
          "version": "7.3.7",
          "requires": {
            "lru-cache": "^6.0.0"
          }
        },
        "serialize-javascript": {
          "version": "6.0.0",
          "requires": {
            "randombytes": "^2.1.0"
          }
        },
        "set-blocking": {
          "version": "2.0.0"
        },
        "signal-exit": {
          "version": "3.0.7"
        },
        "string-width": {
          "version": "4.2.3",
          "requires": {
            "emoji-regex": "^8.0.0",
            "is-fullwidth-code-point": "^3.0.0",
            "strip-ansi": "^6.0.1"
          }
        },
        "string_decoder": {
          "version": "1.3.0",
          "requires": {
            "safe-buffer": "~5.2.0"
          }
        },
        "strip-ansi": {
          "version": "6.0.1",
          "requires": {
            "ansi-regex": "^5.0.1"
          }
        },
        "strip-json-comments": {
          "version": "3.1.1"
        },
        "supports-color": {
          "version": "8.1.1",
          "requires": {
            "has-flag": "^4.0.0"
          }
        },
        "tar": {
          "version": "6.1.11",
          "requires": {
            "chownr": "^2.0.0",
            "fs-minipass": "^2.0.0",
            "minipass": "^3.0.0",
            "minizlib": "^2.1.1",
            "mkdirp": "^1.0.3",
            "yallist": "^4.0.0"
          }
        },
        "to-regex-range": {
          "version": "5.0.1",
          "requires": {
            "is-number": "^7.0.0"
          }
        },
        "tr46": {
          "version": "0.0.3"
        },
        "util-deprecate": {
          "version": "1.0.2"
        },
        "webidl-conversions": {
          "version": "3.0.1"
        },
        "whatwg-url": {
          "version": "5.0.0",
          "requires": {
            "tr46": "~0.0.3",
            "webidl-conversions": "^3.0.0"
          }
        },
        "wide-align": {
          "version": "1.1.5",
          "requires": {
            "string-width": "^1.0.2 || 2 || 3 || 4"
          }
        },
        "window-size": {
          "version": "0.1.4"
        },
        "workerpool": {
          "version": "6.2.1"
        },
        "wrap-ansi": {
          "version": "7.0.0",
          "requires": {
            "ansi-styles": "^4.0.0",
            "string-width": "^4.1.0",
            "strip-ansi": "^6.0.0"
          }
        },
        "wrappy": {
          "version": "1.0.2"
        },
        "y18n": {
          "version": "5.0.8"
        },
        "yallist": {
          "version": "4.0.0"
        },
        "yargs": {
          "version": "16.2.0",
          "requires": {
            "cliui": "^7.0.2",
            "escalade": "^3.1.1",
            "get-caller-file": "^2.0.5",
            "require-directory": "^2.1.1",
            "string-width": "^4.2.0",
            "y18n": "^5.0.5",
            "yargs-parser": "^20.2.2"
          }
        },
        "yargs-parser": {
          "version": "20.2.9"
        },
        "yargs-unparser": {
          "version": "2.0.0",
          "requires": {
            "camelcase": "^6.0.0",
            "decamelize": "^4.0.0",
            "flat": "^5.0.2",
            "is-plain-obj": "^2.1.0"
          },
          "dependencies": {
            "camelcase": {
              "version": "6.3.0"
            },
            "decamelize": {
              "version": "4.0.0"
            }
          }
        },
        "yocto-queue": {
          "version": "0.1.0"
        }
      }
    }
  }
}
